
Microsoft Visual Studio Solution File, Format Version 12.00
# Visual Studio Version 17
VisualStudioVersion = 17.14.37111.16
MinimumVisualStudioVersion = 10.0.40219.1
Project("{FAE04EC0-301F-11D3-BF4B-00C04F79EFBC}") = "PointOfSale", "PointOfSale\PointOfSale.csproj", "{917584A7-4D89-0219-A37B-59168E7FE174}"
EndProject
Project("{FAE04EC0-301F-11D3-BF4B-00C04F79EFBC}") = "Dashboard", "Dashboard\Dashboard.csproj", "{E4566E71-1E62-2409-5DAA-E2EA6D3710DC}"
EndProject
Project("{FAE04EC0-301F-11D3-BF4B-00C04F79EFBC}") = "Data", "Data\Data.csproj", "{A1B2C3D4-E5F6-7890-ABCD-EF1234567890}"
EndProject
Global
	GlobalSection(SolutionConfigurationPlatforms) = preSolution
		Debug|Any CPU = Debug|Any CPU
		Release|Any CPU = Release|Any CPU
	EndGlobalSection
	GlobalSection(ProjectConfigurationPlatforms) = postSolution
		{917584A7-4D89-0219-A37B-59168E7FE174}.Debug|Any CPU.ActiveCfg = Debug|Any CPU
		{917584A7-4D89-0219-A37B-59168E7FE174}.Debug|Any CPU.Build.0 = Debug|Any CPU
		{917584A7-4D89-0219-A37B-59168E7FE174}.Release|Any CPU.ActiveCfg = Release|Any CPU
		{917584A7-4D89-0219-A37B-59168E7FE174}.Release|Any CPU.Build.0 = Release|Any CPU
		{E4566E71-1E62-2409-5DAA-E2EA6D3710DC}.Debug|Any CPU.ActiveCfg = Debug|Any CPU
		{E4566E71-1E62-2409-5DAA-E2EA6D3710DC}.Debug|Any CPU.Build.0 = Debug|Any CPU
		{E4566E71-1E62-2409-5DAA-E2EA6D3710DC}.Release|Any CPU.ActiveCfg = Release|Any CPU
		{E4566E71-1E62-2409-5DAA-E2EA6D3710DC}.Release|Any CPU.Build.0 = Release|Any CPU
		{A1B2C3D4-E5F6-7890-ABCD-EF1234567890}.Debug|Any CPU.ActiveCfg = Debug|Any CPU
		{A1B2C3D4-E5F6-7890-ABCD-EF1234567890}.Debug|Any CPU.Build.0 = Debug|Any CPU
		{A1B2C3D4-E5F6-7890-ABCD-EF1234567890}.Release|Any CPU.ActiveCfg = Release|Any CPU
		{A1B2C3D4-E5F6-7890-ABCD-EF1234567890}.Release|Any CPU.Build.0 = Release|Any CPU
	EndGlobalSection
	GlobalSection(SolutionProperties) = preSolution
		HideSolutionNode = FALSE
	EndGlobalSection
	GlobalSection(ExtensibilityGlobals) = postSolution
		SolutionGuid = {14ECF963-4334-4A63-ABEA-1AE27C343BAE}
	EndGlobalSection
EndGlobal
